{
  "nodes": {
    "emacs-overlay": {
      "flake": false,
      "locked": {
        "lastModified": 1668718165,
        "narHash": "sha256-GLWQRgl3dJiucomkb/XCFHk+cgP2WEkpLZhSWH4l6oc=",
        "owner": "nix-community",
        "repo": "emacs-overlay",
        "rev": "51c6e49b08c37ab762c1bdc8060e569197001dfe",
        "type": "github"
      },
      "original": {
        "owner": "nix-community",
        "repo": "emacs-overlay",
        "type": "github"
      }
    },
    "home-manager": {
      "inputs": {
        "nixpkgs": [
          "nixpkgs"
        ],
        "utils": "utils"
      },
      "locked": {
        "lastModified": 1668716823,
        "narHash": "sha256-e6d2SIIiJOvTzItUbp+GJVhPD6AzSm823XAyPvPlpvo=",
        "owner": "nix-community",
        "repo": "home-manager",
        "rev": "fe85cc4c37d5f37104e349c5553029417e3833d1",
        "type": "github"
      },
      "original": {
        "owner": "nix-community",
        "repo": "home-manager",
        "type": "github"
      }
    },
    "nixpkgs": {
      "locked": {
        "lastModified": 1668596599,
        "narHash": "sha256-rhHyZTGI31/OfgYa9xF49UTchDXTI94pEsSNa0fOkpk=",
        "owner": "nixos",
        "repo": "nixpkgs",
        "rev": "b457130e8a21608675ddf12c7d85227b22a27112",
        "type": "github"
      },
      "original": {
        "owner": "nixos",
        "ref": "nixos-unstable",
        "repo": "nixpkgs",
        "type": "github"
      }
    },
    "nur": {
      "locked": {
        "lastModified": 1668717409,
        "narHash": "sha256-uSgod4fiI4K52T63nnmo23PEugOJEti1tWZT912FmLM=",
        "owner": "nix-community",
        "repo": "NUR",
        "rev": "6e103ce9e5a76afb75d93f3a936577d911299e1e",
        "type": "github"
      },
      "original": {
        "owner": "nix-community",
        "repo": "NUR",
        "type": "github"
      }
    },
    "root": {
      "inputs": {
        "emacs-overlay": "emacs-overlay",
        "home-manager": "home-manager",
        "nixpkgs": "nixpkgs",
        "nur": "nur"
      }
    },
    "utils": {
      "locked": {
        "lastModified": 1667395993,
        "narHash": "sha256-nuEHfE/LcWyuSWnS8t12N1wc105Qtau+/OdUAjtQ0rA=",
        "owner": "numtide",
        "repo": "flake-utils",
        "rev": "5aed5285a952e0b949eb3ba02c12fa4fcfef535f",
        "type": "github"
      },
      "original": {
        "owner": "numtide",
        "repo": "flake-utils",
        "type": "github"
      }
    }
  },
  "root": "root",
  "version": 7
}
